
Microsoft Visual Studio Solution File, Format Version 12.00
# Visual Studio Version 17
VisualStudioVersion = 17.14.37012.4 d17.14
MinimumVisualStudioVersion = 10.0.40219.1
Project("{2150E333-8FDC-42A3-9474-1A3956D46DE8}") = "Specifications", "Specifications", "{02EA681E-C7D8-13C7-8484-4AC65E1B71E8}"
EndProject
Project("{FAE04EC0-301F-11D3-BF4B-00C04F79EFBC}") = "Specifications.Library", "Specifications.Library\Specifications.Library.csproj", "{6433C52C-3A15-4950-9658-2F4BA0DB9D2B}"
EndProject
Project("{FAE04EC0-301F-11D3-BF4B-00C04F79EFBC}") = "Client", "Client\Client.csproj", "{23B9F782-215B-4BAA-80BF-957BCC284B81}"
EndProject
Global
	GlobalSection(SolutionConfigurationPlatforms) = preSolution
		Debug|Any CPU = Debug|Any CPU
		Release|Any CPU = Release|Any CPU
	EndGlobalSection
	GlobalSection(ProjectConfigurationPlatforms) = postSolution
		{6433C52C-3A15-4950-9658-2F4BA0DB9D2B}.Debug|Any CPU.ActiveCfg = Debug|Any CPU
		{6433C52C-3A15-4950-9658-2F4BA0DB9D2B}.Debug|Any CPU.Build.0 = Debug|Any CPU
		{6433C52C-3A15-4950-9658-2F4BA0DB9D2B}.Release|Any CPU.ActiveCfg = Release|Any CPU
		{6433C52C-3A15-4950-9658-2F4BA0DB9D2B}.Release|Any CPU.Build.0 = Release|Any CPU
		{23B9F782-215B-4BAA-80BF-957BCC284B81}.Debug|Any CPU.ActiveCfg = Debug|Any CPU
		{23B9F782-215B-4BAA-80BF-957BCC284B81}.Debug|Any CPU.Build.0 = Debug|Any CPU
		{23B9F782-215B-4BAA-80BF-957BCC284B81}.Release|Any CPU.ActiveCfg = Release|Any CPU
		{23B9F782-215B-4BAA-80BF-957BCC284B81}.Release|Any CPU.Build.0 = Release|Any CPU
	EndGlobalSection
	GlobalSection(SolutionProperties) = preSolution
		HideSolutionNode = FALSE
	EndGlobalSection
	GlobalSection(NestedProjects) = preSolution
		{6433C52C-3A15-4950-9658-2F4BA0DB9D2B} = {02EA681E-C7D8-13C7-8484-4AC65E1B71E8}
		{23B9F782-215B-4BAA-80BF-957BCC284B81} = {02EA681E-C7D8-13C7-8484-4AC65E1B71E8}
	EndGlobalSection
	GlobalSection(ExtensibilityGlobals) = postSolution
		SolutionGuid = {D0AA7F43-75B6-4B4C-A4E9-37D18326AB5F}
	EndGlobalSection
EndGlobal
